
Microsoft Visual Studio Solution File, Format Version 12.00
# Visual Studio 15
VisualStudioVersion = 15.0.28307.902
MinimumVisualStudioVersion = 10.0.40219.1
Project("{9A19103F-16F7-4668-BE54-9A1E7A4F7556}") = "NetCoreAngularExemple", "NetCoreAngularExemple.csproj", "{C911ACBD-BBF7-4A3F-AE22-A8E9E55388E9}"
EndProject
Global
	GlobalSection(SolutionConfigurationPlatforms) = preSolution
		Debug|Any CPU = Debug|Any CPU
		Release|Any CPU = Release|Any CPU
	EndGlobalSection
	GlobalSection(ProjectConfigurationPlatforms) = postSolution
		{C911ACBD-BBF7-4A3F-AE22-A8E9E55388E9}.Debug|Any CPU.ActiveCfg = Debug|Any CPU
		{C911ACBD-BBF7-4A3F-AE22-A8E9E55388E9}.Debug|Any CPU.Build.0 = Debug|Any CPU
		{C911ACBD-BBF7-4A3F-AE22-A8E9E55388E9}.Release|Any CPU.ActiveCfg = Release|Any CPU
		{C911ACBD-BBF7-4A3F-AE22-A8E9E55388E9}.Release|Any CPU.Build.0 = Release|Any CPU
	EndGlobalSection
	GlobalSection(SolutionProperties) = preSolution
		HideSolutionNode = FALSE
	EndGlobalSection
	GlobalSection(ExtensibilityGlobals) = postSolution
		SolutionGuid = {144E285E-3B9C-4904-83AA-C6B0B52F9FE5}
	EndGlobalSection
EndGlobal
